
Microsoft Visual Studio Solution File, Format Version 11.00
# Visual Studio 2010
Project("{FAE04EC0-301F-11D3-BF4B-00C04F79EFBC}") = "Assembly-CSharp", "Assembly-CSharp.csproj", "{2b482886-6655-9f1e-3872-48c7cfa9e2ce}"
EndProject
Project("{FAE04EC0-301F-11D3-BF4B-00C04F79EFBC}") = "Assembly-CSharp-Editor", "Assembly-CSharp-Editor.csproj", "{47e04982-6c3e-29e2-3343-e6cf733a21e5}"
EndProject
Global
	GlobalSection(SolutionConfigurationPlatforms) = preSolution
		Debug|Any CPU = Debug|Any CPU
		Release|Any CPU = Release|Any CPU
	EndGlobalSection
	GlobalSection(ProjectConfigurationPlatforms) = postSolution
		{2b482886-6655-9f1e-3872-48c7cfa9e2ce}.Debug|Any CPU.ActiveCfg = Debug|Any CPU
		{2b482886-6655-9f1e-3872-48c7cfa9e2ce}.Debug|Any CPU.Build.0 = Debug|Any CPU
		{2b482886-6655-9f1e-3872-48c7cfa9e2ce}.Release|Any CPU.ActiveCfg = Release|Any CPU
		{2b482886-6655-9f1e-3872-48c7cfa9e2ce}.Release|Any CPU.Build.0 = Release|Any CPU
		{47e04982-6c3e-29e2-3343-e6cf733a21e5}.Debug|Any CPU.ActiveCfg = Debug|Any CPU
		{47e04982-6c3e-29e2-3343-e6cf733a21e5}.Debug|Any CPU.Build.0 = Debug|Any CPU
		{47e04982-6c3e-29e2-3343-e6cf733a21e5}.Release|Any CPU.ActiveCfg = Release|Any CPU
		{47e04982-6c3e-29e2-3343-e6cf733a21e5}.Release|Any CPU.Build.0 = Release|Any CPU
	EndGlobalSection
	GlobalSection(SolutionProperties) = preSolution
		HideSolutionNode = FALSE
	EndGlobalSection
EndGlobal
